// !$*UTF8*$!
{
	archiveVersion = 1;
	classes = {
	};
	objectVersion = 55;
	objects = {

/* Begin PBXBuildFile section */
		6F04633B27B04A6D0062425C /* DifferTests.swift in Sources */ = {isa = PBXBuildFile; fileRef = 6F04633A27B04A6D0062425C /* DifferTests.swift */; };
		6F04633D27B05E8A0062425C /* DeepDiffTests.swift in Sources */ = {isa = PBXBuildFile; fileRef = 6F04633C27B05E8A0062425C /* DeepDiffTests.swift */; };
		6F04634027B05EEA0062425C /* DeepDiff in Frameworks */ = {isa = PBXBuildFile; productRef = 6F04633F27B05EEA0062425C /* DeepDiff */; };
		6F04634227B064AA0062425C /* CollectionDiffingTests.swift in Sources */ = {isa = PBXBuildFile; fileRef = 6F04634127B064AA0062425C /* CollectionDiffingTests.swift */; };
		6F04634827B072BB0062425C /* FastDiffTests.swift in Sources */ = {isa = PBXBuildFile; fileRef = 6F04634727B072BB0062425C /* FastDiffTests.swift */; };
		6F04634B27B073180062425C /* FastDiff in Frameworks */ = {isa = PBXBuildFile; productRef = 6F04634A27B073180062425C /* FastDiff */; };
		6F5641EB27B08F76009F0F6F /* DifferenceKitTests.swift in Sources */ = {isa = PBXBuildFile; fileRef = 6F5641EA27B08F76009F0F6F /* DifferenceKitTests.swift */; };
		6F5641EE27B08FAB009F0F6F /* DifferenceKit in Frameworks */ = {isa = PBXBuildFile; productRef = 6F5641ED27B08FAB009F0F6F /* DifferenceKit */; };
		6FBEF4B727AFA2D200C85FBB /* AppDelegate.swift in Sources */ = {isa = PBXBuildFile; fileRef = 6FBEF4B627AFA2D200C85FBB /* AppDelegate.swift */; };
		6FBEF4B927AFA2D200C85FBB /* ViewController.swift in Sources */ = {isa = PBXBuildFile; fileRef = 6FBEF4B827AFA2D200C85FBB /* ViewController.swift */; };
		6FBEF4BB27AFA2D300C85FBB /* Assets.xcassets in Resources */ = {isa = PBXBuildFile; fileRef = 6FBEF4BA27AFA2D300C85FBB /* Assets.xcassets */; };
		6FBEF4BE27AFA2D300C85FBB /* Main.storyboard in Resources */ = {isa = PBXBuildFile; fileRef = 6FBEF4BC27AFA2D300C85FBB /* Main.storyboard */; };
		6FBEF4C927AFA2D300C85FBB /* AppleDiffingTestsuiteTests.swift in Sources */ = {isa = PBXBuildFile; fileRef = 6FBEF4C827AFA2D300C85FBB /* AppleDiffingTestsuiteTests.swift */; };
		6FBEF4D327AFA2D300C85FBB /* DiffingTestsuiteUITests.swift in Sources */ = {isa = PBXBuildFile; fileRef = 6FBEF4D227AFA2D300C85FBB /* DiffingTestsuiteUITests.swift */; };
		6FBEF4D527AFA2D300C85FBB /* DiffingTestsuiteUITestsLaunchTests.swift in Sources */ = {isa = PBXBuildFile; fileRef = 6FBEF4D427AFA2D300C85FBB /* DiffingTestsuiteUITestsLaunchTests.swift */; };
		6FBEF4E427AFA5F700C85FBB /* Differ in Frameworks */ = {isa = PBXBuildFile; productRef = 6FBEF4E327AFA5F700C85FBB /* Differ */; };
/* End PBXBuildFile section */

/* Begin PBXContainerItemProxy section */
		6FBEF4C527AFA2D300C85FBB /* PBXContainerItemProxy */ = {
			isa = PBXContainerItemProxy;
			containerPortal = 6FBEF4AB27AFA2D200C85FBB /* Project object */;
			proxyType = 1;
			remoteGlobalIDString = 6FBEF4B227AFA2D200C85FBB;
			remoteInfo = DiffingTestsuite;
		};
		6FBEF4CF27AFA2D300C85FBB /* PBXContainerItemProxy */ = {
			isa = PBXContainerItemProxy;
			containerPortal = 6FBEF4AB27AFA2D200C85FBB /* Project object */;
			proxyType = 1;
			remoteGlobalIDString = 6FBEF4B227AFA2D200C85FBB;
			remoteInfo = DiffingTestsuite;
		};
/* End PBXContainerItemProxy section */

/* Begin PBXFileReference section */
		6F04633A27B04A6D0062425C /* DifferTests.swift */ = {isa = PBXFileReference; lastKnownFileType = sourcecode.swift; path = DifferTests.swift; sourceTree = "<group>"; };
		6F04633C27B05E8A0062425C /* DeepDiffTests.swift */ = {isa = PBXFileReference; lastKnownFileType = sourcecode.swift; path = DeepDiffTests.swift; sourceTree = "<group>"; };
		6F04634127B064AA0062425C /* CollectionDiffingTests.swift */ = {isa = PBXFileReference; lastKnownFileType = sourcecode.swift; path = CollectionDiffingTests.swift; sourceTree = "<group>"; };
		6F04634727B072BB0062425C /* FastDiffTests.swift */ = {isa = PBXFileReference; lastKnownFileType = sourcecode.swift; path = FastDiffTests.swift; sourceTree = "<group>"; };
		6F5641EA27B08F76009F0F6F /* DifferenceKitTests.swift */ = {isa = PBXFileReference; lastKnownFileType = sourcecode.swift; path = DifferenceKitTests.swift; sourceTree = "<group>"; };
		6FBEF4B327AFA2D200C85FBB /* DiffingTestsuite.app */ = {isa = PBXFileReference; explicitFileType = wrapper.application; includeInIndex = 0; path = DiffingTestsuite.app; sourceTree = BUILT_PRODUCTS_DIR; };
		6FBEF4B627AFA2D200C85FBB /* AppDelegate.swift */ = {isa = PBXFileReference; lastKnownFileType = sourcecode.swift; path = AppDelegate.swift; sourceTree = "<group>"; };
		6FBEF4B827AFA2D200C85FBB /* ViewController.swift */ = {isa = PBXFileReference; lastKnownFileType = sourcecode.swift; path = ViewController.swift; sourceTree = "<group>"; };
		6FBEF4BA27AFA2D300C85FBB /* Assets.xcassets */ = {isa = PBXFileReference; lastKnownFileType = folder.assetcatalog; path = Assets.xcassets; sourceTree = "<group>"; };
		6FBEF4BD27AFA2D300C85FBB /* Base */ = {isa = PBXFileReference; lastKnownFileType = file.storyboard; name = Base; path = Base.lproj/Main.storyboard; sourceTree = "<group>"; };
		6FBEF4BF27AFA2D300C85FBB /* DiffingTestsuite.entitlements */ = {isa = PBXFileReference; lastKnownFileType = text.plist.entitlements; path = DiffingTestsuite.entitlements; sourceTree = "<group>"; };
		6FBEF4C427AFA2D300C85FBB /* DiffingTestsuiteTests.xctest */ = {isa = PBXFileReference; explicitFileType = wrapper.cfbundle; includeInIndex = 0; path = DiffingTestsuiteTests.xctest; sourceTree = BUILT_PRODUCTS_DIR; };
		6FBEF4C827AFA2D300C85FBB /* AppleDiffingTestsuiteTests.swift */ = {isa = PBXFileReference; lastKnownFileType = sourcecode.swift; path = AppleDiffingTestsuiteTests.swift; sourceTree = "<group>"; };
		6FBEF4CE27AFA2D300C85FBB /* DiffingTestsuiteUITests.xctest */ = {isa = PBXFileReference; explicitFileType = wrapper.cfbundle; includeInIndex = 0; path = DiffingTestsuiteUITests.xctest; sourceTree = BUILT_PRODUCTS_DIR; };
		6FBEF4D227AFA2D300C85FBB /* DiffingTestsuiteUITests.swift */ = {isa = PBXFileReference; lastKnownFileType = sourcecode.swift; path = DiffingTestsuiteUITests.swift; sourceTree = "<group>"; };
		6FBEF4D427AFA2D300C85FBB /* DiffingTestsuiteUITestsLaunchTests.swift */ = {isa = PBXFileReference; lastKnownFileType = sourcecode.swift; path = DiffingTestsuiteUITestsLaunchTests.swift; sourceTree = "<group>"; };
/* End PBXFileReference section */

/* Begin PBXFrameworksBuildPhase section */
		6FBEF4B027AFA2D200C85FBB /* Frameworks */ = {
			isa = PBXFrameworksBuildPhase;
			buildActionMask = 2147483647;
			files = (
				6F5641EE27B08FAB009F0F6F /* DifferenceKit in Frameworks */,
				6FBEF4E427AFA5F700C85FBB /* Differ in Frameworks */,
				6F04634B27B073180062425C /* FastDiff in Frameworks */,
				6F04634027B05EEA0062425C /* DeepDiff in Frameworks */,
			);
			runOnlyForDeploymentPostprocessing = 0;
		};
		6FBEF4C127AFA2D300C85FBB /* Frameworks */ = {
			isa = PBXFrameworksBuildPhase;
			buildActionMask = 2147483647;
			files = (
			);
			runOnlyForDeploymentPostprocessing = 0;
		};
		6FBEF4CB27AFA2D300C85FBB /* Frameworks */ = {
			isa = PBXFrameworksBuildPhase;
			buildActionMask = 2147483647;
			files = (
			);
			runOnlyForDeploymentPostprocessing = 0;
		};
/* End PBXFrameworksBuildPhase section */

/* Begin PBXGroup section */
		6FBEF4AA27AFA2D200C85FBB = {
			isa = PBXGroup;
			children = (
				6FBEF4B527AFA2D200C85FBB /* DiffingTestsuite */,
				6FBEF4C727AFA2D300C85FBB /* DiffingTestsuiteTests */,
				6FBEF4D127AFA2D300C85FBB /* DiffingTestsuiteUITests */,
				6FBEF4B427AFA2D200C85FBB /* Products */,
			);
			sourceTree = "<group>";
		};
		6FBEF4B427AFA2D200C85FBB /* Products */ = {
			isa = PBXGroup;
			children = (
				6FBEF4B327AFA2D200C85FBB /* DiffingTestsuite.app */,
				6FBEF4C427AFA2D300C85FBB /* DiffingTestsuiteTests.xctest */,
				6FBEF4CE27AFA2D300C85FBB /* DiffingTestsuiteUITests.xctest */,
			);
			name = Products;
			sourceTree = "<group>";
		};
		6FBEF4B527AFA2D200C85FBB /* DiffingTestsuite */ = {
			isa = PBXGroup;
			children = (
				6FBEF4E127AFA30500C85FBB /* Differs */,
				6FBEF4B627AFA2D200C85FBB /* AppDelegate.swift */,
				6FBEF4B827AFA2D200C85FBB /* ViewController.swift */,
				6FBEF4BA27AFA2D300C85FBB /* Assets.xcassets */,
				6FBEF4BC27AFA2D300C85FBB /* Main.storyboard */,
				6FBEF4BF27AFA2D300C85FBB /* DiffingTestsuite.entitlements */,
				6F04634727B072BB0062425C /* FastDiffTests.swift */,
			);
			path = DiffingTestsuite;
			sourceTree = "<group>";
		};
		6FBEF4C727AFA2D300C85FBB /* DiffingTestsuiteTests */ = {
			isa = PBXGroup;
			children = (
				6FBEF4C827AFA2D300C85FBB /* AppleDiffingTestsuiteTests.swift */,
				6F04633A27B04A6D0062425C /* DifferTests.swift */,
				6F04633C27B05E8A0062425C /* DeepDiffTests.swift */,
				6F04634127B064AA0062425C /* CollectionDiffingTests.swift */,
				6F5641EA27B08F76009F0F6F /* DifferenceKitTests.swift */,
			);
			path = DiffingTestsuiteTests;
			sourceTree = "<group>";
		};
		6FBEF4D127AFA2D300C85FBB /* DiffingTestsuiteUITests */ = {
			isa = PBXGroup;
			children = (
				6FBEF4D227AFA2D300C85FBB /* DiffingTestsuiteUITests.swift */,
				6FBEF4D427AFA2D300C85FBB /* DiffingTestsuiteUITestsLaunchTests.swift */,
			);
			path = DiffingTestsuiteUITests;
			sourceTree = "<group>";
		};
		6FBEF4E127AFA30500C85FBB /* Differs */ = {
			isa = PBXGroup;
			children = (
			);
			path = Differs;
			sourceTree = "<group>";
		};
/* End PBXGroup section */

/* Begin PBXNativeTarget section */
		6FBEF4B227AFA2D200C85FBB /* DiffingTestsuite */ = {
			isa = PBXNativeTarget;
			buildConfigurationList = 6FBEF4D827AFA2D300C85FBB /* Build configuration list for PBXNativeTarget "DiffingTestsuite" */;
			buildPhases = (
				6FBEF4AF27AFA2D200C85FBB /* Sources */,
				6FBEF4B027AFA2D200C85FBB /* Frameworks */,
				6FBEF4B127AFA2D200C85FBB /* Resources */,
			);
			buildRules = (
			);
			dependencies = (
			);
			name = DiffingTestsuite;
			packageProductDependencies = (
				6FBEF4E327AFA5F700C85FBB /* Differ */,
				6F04633F27B05EEA0062425C /* DeepDiff */,
				6F04634A27B073180062425C /* FastDiff */,
				6F5641ED27B08FAB009F0F6F /* DifferenceKit */,
			);
			productName = DiffingTestsuite;
			productReference = 6FBEF4B327AFA2D200C85FBB /* DiffingTestsuite.app */;
			productType = "com.apple.product-type.application";
		};
		6FBEF4C327AFA2D300C85FBB /* DiffingTestsuiteTests */ = {
			isa = PBXNativeTarget;
			buildConfigurationList = 6FBEF4DB27AFA2D300C85FBB /* Build configuration list for PBXNativeTarget "DiffingTestsuiteTests" */;
			buildPhases = (
				6FBEF4C027AFA2D300C85FBB /* Sources */,
				6FBEF4C127AFA2D300C85FBB /* Frameworks */,
				6FBEF4C227AFA2D300C85FBB /* Resources */,
			);
			buildRules = (
			);
			dependencies = (
				6FBEF4C627AFA2D300C85FBB /* PBXTargetDependency */,
			);
			name = DiffingTestsuiteTests;
			productName = DiffingTestsuiteTests;
			productReference = 6FBEF4C427AFA2D300C85FBB /* DiffingTestsuiteTests.xctest */;
			productType = "com.apple.product-type.bundle.unit-test";
		};
		6FBEF4CD27AFA2D300C85FBB /* DiffingTestsuiteUITests */ = {
			isa = PBXNativeTarget;
			buildConfigurationList = 6FBEF4DE27AFA2D300C85FBB /* Build configuration list for PBXNativeTarget "DiffingTestsuiteUITests" */;
			buildPhases = (
				6FBEF4CA27AFA2D300C85FBB /* Sources */,
				6FBEF4CB27AFA2D300C85FBB /* Frameworks */,
				6FBEF4CC27AFA2D300C85FBB /* Resources */,
			);
			buildRules = (
			);
			dependencies = (
				6FBEF4D027AFA2D300C85FBB /* PBXTargetDependency */,
			);
			name = DiffingTestsuiteUITests;
			productName = DiffingTestsuiteUITests;
			productReference = 6FBEF4CE27AFA2D300C85FBB /* DiffingTestsuiteUITests.xctest */;
			productType = "com.apple.product-type.bundle.ui-testing";
		};
/* End PBXNativeTarget section */

/* Begin PBXProject section */
		6FBEF4AB27AFA2D200C85FBB /* Project object */ = {
			isa = PBXProject;
			attributes = {
				BuildIndependentTargetsInParallel = 1;
				LastSwiftUpdateCheck = 1320;
				LastUpgradeCheck = 1320;
				TargetAttributes = {
					6FBEF4B227AFA2D200C85FBB = {
						CreatedOnToolsVersion = 13.2.1;
					};
					6FBEF4C327AFA2D300C85FBB = {
						CreatedOnToolsVersion = 13.2.1;
						TestTargetID = 6FBEF4B227AFA2D200C85FBB;
					};
					6FBEF4CD27AFA2D300C85FBB = {
						CreatedOnToolsVersion = 13.2.1;
						TestTargetID = 6FBEF4B227AFA2D200C85FBB;
					};
				};
			};
			buildConfigurationList = 6FBEF4AE27AFA2D200C85FBB /* Build configuration list for PBXProject "DiffingTestsuite" */;
			compatibilityVersion = "Xcode 13.0";
			developmentRegion = en;
			hasScannedForEncodings = 0;
			knownRegions = (
				en,
				Base,
			);
			mainGroup = 6FBEF4AA27AFA2D200C85FBB;
			packageReferences = (
				6FBEF4E227AFA5F700C85FBB /* XCRemoteSwiftPackageReference "Differ" */,
				6F04633E27B05EEA0062425C /* XCRemoteSwiftPackageReference "DeepDiff" */,
				6F04634927B073180062425C /* XCRemoteSwiftPackageReference "FastDiff" */,
				6F5641EC27B08FAB009F0F6F /* XCRemoteSwiftPackageReference "DifferenceKit" */,
			);
			productRefGroup = 6FBEF4B427AFA2D200C85FBB /* Products */;
			projectDirPath = "";
			projectRoot = "";
			targets = (
				6FBEF4B227AFA2D200C85FBB /* DiffingTestsuite */,
				6FBEF4C327AFA2D300C85FBB /* DiffingTestsuiteTests */,
				6FBEF4CD27AFA2D300C85FBB /* DiffingTestsuiteUITests */,
			);
		};
/* End PBXProject section */

/* Begin PBXResourcesBuildPhase section */
		6FBEF4B127AFA2D200C85FBB /* Resources */ = {
			isa = PBXResourcesBuildPhase;
			buildActionMask = 2147483647;
			files = (
				6FBEF4BB27AFA2D300C85FBB /* Assets.xcassets in Resources */,
				6FBEF4BE27AFA2D300C85FBB /* Main.storyboard in Resources */,
			);
			runOnlyForDeploymentPostprocessing = 0;
		};
		6FBEF4C227AFA2D300C85FBB /* Resources */ = {
			isa = PBXResourcesBuildPhase;
			buildActionMask = 2147483647;
			files = (
			);
			runOnlyForDeploymentPostprocessing = 0;
		};
		6FBEF4CC27AFA2D300C85FBB /* Resources */ = {
			isa = PBXResourcesBuildPhase;
			buildActionMask = 2147483647;
			files = (
			);
			runOnlyForDeploymentPostprocessing = 0;
		};
/* End PBXResourcesBuildPhase section */

/* Begin PBXSourcesBuildPhase section */
		6FBEF4AF27AFA2D200C85FBB /* Sources */ = {
			isa = PBXSourcesBuildPhase;
			buildActionMask = 2147483647;
			files = (
				6FBEF4B927AFA2D200C85FBB /* ViewController.swift in Sources */,
				6FBEF4B727AFA2D200C85FBB /* AppDelegate.swift in Sources */,
			);
			runOnlyForDeploymentPostprocessing = 0;
		};
		6FBEF4C027AFA2D300C85FBB /* Sources */ = {
			isa = PBXSourcesBuildPhase;
			buildActionMask = 2147483647;
			files = (
				6FBEF4C927AFA2D300C85FBB /* AppleDiffingTestsuiteTests.swift in Sources */,
				6F5641EB27B08F76009F0F6F /* DifferenceKitTests.swift in Sources */,
				6F04634227B064AA0062425C /* CollectionDiffingTests.swift in Sources */,
				6F04633D27B05E8A0062425C /* DeepDiffTests.swift in Sources */,
				6F04633B27B04A6D0062425C /* DifferTests.swift in Sources */,
				6F04634827B072BB0062425C /* FastDiffTests.swift in Sources */,
			);
			runOnlyForDeploymentPostprocessing = 0;
		};
		6FBEF4CA27AFA2D300C85FBB /* Sources */ = {
			isa = PBXSourcesBuildPhase;
			buildActionMask = 2147483647;
			files = (
				6FBEF4D327AFA2D300C85FBB /* DiffingTestsuiteUITests.swift in Sources */,
				6FBEF4D527AFA2D300C85FBB /* DiffingTestsuiteUITestsLaunchTests.swift in Sources */,
			);
			runOnlyForDeploymentPostprocessing = 0;
		};
/* End PBXSourcesBuildPhase section */

/* Begin PBXTargetDependency section */
		6FBEF4C627AFA2D300C85FBB /* PBXTargetDependency */ = {
			isa = PBXTargetDependency;
			target = 6FBEF4B227AFA2D200C85FBB /* DiffingTestsuite */;
			targetProxy = 6FBEF4C527AFA2D300C85FBB /* PBXContainerItemProxy */;
		};
		6FBEF4D027AFA2D300C85FBB /* PBXTargetDependency */ = {
			isa = PBXTargetDependency;
			target = 6FBEF4B227AFA2D200C85FBB /* DiffingTestsuite */;
			targetProxy = 6FBEF4CF27AFA2D300C85FBB /* PBXContainerItemProxy */;
		};
/* End PBXTargetDependency section */

/* Begin PBXVariantGroup section */
		6FBEF4BC27AFA2D300C85FBB /* Main.storyboard */ = {
			isa = PBXVariantGroup;
			children = (
				6FBEF4BD27AFA2D300C85FBB /* Base */,
			);
			name = Main.storyboard;
			sourceTree = "<group>";
		};
/* End PBXVariantGroup section */

/* Begin XCBuildConfiguration section */
		6FBEF4D627AFA2D300C85FBB /* Debug */ = {
			isa = XCBuildConfiguration;
			buildSettings = {
				ALWAYS_SEARCH_USER_PATHS = NO;
				CLANG_ANALYZER_NONNULL = YES;
				CLANG_ANALYZER_NUMBER_OBJECT_CONVERSION = YES_AGGRESSIVE;
				CLANG_CXX_LANGUAGE_STANDARD = "gnu++17";
				CLANG_CXX_LIBRARY = "libc++";
				CLANG_ENABLE_MODULES = YES;
				CLANG_ENABLE_OBJC_ARC = YES;
				CLANG_ENABLE_OBJC_WEAK = YES;
				CLANG_WARN_BLOCK_CAPTURE_AUTORELEASING = YES;
				CLANG_WARN_BOOL_CONVERSION = YES;
				CLANG_WARN_COMMA = YES;
				CLANG_WARN_CONSTANT_CONVERSION = YES;
				CLANG_WARN_DEPRECATED_OBJC_IMPLEMENTATIONS = YES;
				CLANG_WARN_DIRECT_OBJC_ISA_USAGE = YES_ERROR;
				CLANG_WARN_DOCUMENTATION_COMMENTS = YES;
				CLANG_WARN_EMPTY_BODY = YES;
				CLANG_WARN_ENUM_CONVERSION = YES;
				CLANG_WARN_INFINITE_RECURSION = YES;
				CLANG_WARN_INT_CONVERSION = YES;
				CLANG_WARN_NON_LITERAL_NULL_CONVERSION = YES;
				CLANG_WARN_OBJC_IMPLICIT_RETAIN_SELF = YES;
				CLANG_WARN_OBJC_LITERAL_CONVERSION = YES;
				CLANG_WARN_OBJC_ROOT_CLASS = YES_ERROR;
				CLANG_WARN_QUOTED_INCLUDE_IN_FRAMEWORK_HEADER = YES;
				CLANG_WARN_RANGE_LOOP_ANALYSIS = YES;
				CLANG_WARN_STRICT_PROTOTYPES = YES;
				CLANG_WARN_SUSPICIOUS_MOVE = YES;
				CLANG_WARN_UNGUARDED_AVAILABILITY = YES_AGGRESSIVE;
				CLANG_WARN_UNREACHABLE_CODE = YES;
				CLANG_WARN__DUPLICATE_METHOD_MATCH = YES;
				COPY_PHASE_STRIP = NO;
				DEBUG_INFORMATION_FORMAT = dwarf;
				ENABLE_STRICT_OBJC_MSGSEND = YES;
				ENABLE_TESTABILITY = YES;
				GCC_C_LANGUAGE_STANDARD = gnu11;
				GCC_DYNAMIC_NO_PIC = NO;
				GCC_NO_COMMON_BLOCKS = YES;
				GCC_OPTIMIZATION_LEVEL = 0;
				GCC_PREPROCESSOR_DEFINITIONS = (
					"DEBUG=1",
					"$(inherited)",
				);
				GCC_WARN_64_TO_32_BIT_CONVERSION = YES;
				GCC_WARN_ABOUT_RETURN_TYPE = YES_ERROR;
				GCC_WARN_UNDECLARED_SELECTOR = YES;
				GCC_WARN_UNINITIALIZED_AUTOS = YES_AGGRESSIVE;
				GCC_WARN_UNUSED_FUNCTION = YES;
				GCC_WARN_UNUSED_VARIABLE = YES;
				MACOSX_DEPLOYMENT_TARGET = 12.1;
				MTL_ENABLE_DEBUG_INFO = INCLUDE_SOURCE;
				MTL_FAST_MATH = YES;
				ONLY_ACTIVE_ARCH = YES;
				SDKROOT = macosx;
				SWIFT_ACTIVE_COMPILATION_CONDITIONS = DEBUG;
				SWIFT_OPTIMIZATION_LEVEL = "-Onone";
			};
			name = Debug;
		};
		6FBEF4D727AFA2D300C85FBB /* Release */ = {
			isa = XCBuildConfiguration;
			buildSettings = {
				ALWAYS_SEARCH_USER_PATHS = NO;
				CLANG_ANALYZER_NONNULL = YES;
				CLANG_ANALYZER_NUMBER_OBJECT_CONVERSION = YES_AGGRESSIVE;
				CLANG_CXX_LANGUAGE_STANDARD = "gnu++17";
				CLANG_CXX_LIBRARY = "libc++";
				CLANG_ENABLE_MODULES = YES;
				CLANG_ENABLE_OBJC_ARC = YES;
				CLANG_ENABLE_OBJC_WEAK = YES;
				CLANG_WARN_BLOCK_CAPTURE_AUTORELEASING = YES;
				CLANG_WARN_BOOL_CONVERSION = YES;
				CLANG_WARN_COMMA = YES;
				CLANG_WARN_CONSTANT_CONVERSION = YES;
				CLANG_WARN_DEPRECATED_OBJC_IMPLEMENTATIONS = YES;
				CLANG_WARN_DIRECT_OBJC_ISA_USAGE = YES_ERROR;
				CLANG_WARN_DOCUMENTATION_COMMENTS = YES;
				CLANG_WARN_EMPTY_BODY = YES;
				CLANG_WARN_ENUM_CONVERSION = YES;
				CLANG_WARN_INFINITE_RECURSION = YES;
				CLANG_WARN_INT_CONVERSION = YES;
				CLANG_WARN_NON_LITERAL_NULL_CONVERSION = YES;
				CLANG_WARN_OBJC_IMPLICIT_RETAIN_SELF = YES;
				CLANG_WARN_OBJC_LITERAL_CONVERSION = YES;
				CLANG_WARN_OBJC_ROOT_CLASS = YES_ERROR;
				CLANG_WARN_QUOTED_INCLUDE_IN_FRAMEWORK_HEADER = YES;
				CLANG_WARN_RANGE_LOOP_ANALYSIS = YES;
				CLANG_WARN_STRICT_PROTOTYPES = YES;
				CLANG_WARN_SUSPICIOUS_MOVE = YES;
				CLANG_WARN_UNGUARDED_AVAILABILITY = YES_AGGRESSIVE;
				CLANG_WARN_UNREACHABLE_CODE = YES;
				CLANG_WARN__DUPLICATE_METHOD_MATCH = YES;
				COPY_PHASE_STRIP = NO;
				DEBUG_INFORMATION_FORMAT = "dwarf-with-dsym";
				ENABLE_NS_ASSERTIONS = NO;
				ENABLE_STRICT_OBJC_MSGSEND = YES;
				GCC_C_LANGUAGE_STANDARD = gnu11;
				GCC_NO_COMMON_BLOCKS = YES;
				GCC_WARN_64_TO_32_BIT_CONVERSION = YES;
				GCC_WARN_ABOUT_RETURN_TYPE = YES_ERROR;
				GCC_WARN_UNDECLARED_SELECTOR = YES;
				GCC_WARN_UNINITIALIZED_AUTOS = YES_AGGRESSIVE;
				GCC_WARN_UNUSED_FUNCTION = YES;
				GCC_WARN_UNUSED_VARIABLE = YES;
				MACOSX_DEPLOYMENT_TARGET = 12.1;
				MTL_ENABLE_DEBUG_INFO = NO;
				MTL_FAST_MATH = YES;
				SDKROOT = macosx;
				SWIFT_COMPILATION_MODE = wholemodule;
				SWIFT_OPTIMIZATION_LEVEL = "-O";
			};
			name = Release;
		};
		6FBEF4D927AFA2D300C85FBB /* Debug */ = {
			isa = XCBuildConfiguration;
			buildSettings = {
				ASSETCATALOG_COMPILER_APPICON_NAME = AppIcon;
				ASSETCATALOG_COMPILER_GLOBAL_ACCENT_COLOR_NAME = AccentColor;
				CODE_SIGN_ENTITLEMENTS = DiffingTestsuite/DiffingTestsuite.entitlements;
				CODE_SIGN_STYLE = Automatic;
				COMBINE_HIDPI_IMAGES = YES;
				CURRENT_PROJECT_VERSION = 1;
				DEVELOPMENT_TEAM = 9BKV8D7DPL;
				ENABLE_HARDENED_RUNTIME = YES;
				GENERATE_INFOPLIST_FILE = YES;
				INFOPLIST_KEY_NSHumanReadableCopyright = "";
				INFOPLIST_KEY_NSMainStoryboardFile = Main;
				INFOPLIST_KEY_NSPrincipalClass = NSApplication;
				LD_RUNPATH_SEARCH_PATHS = (
					"$(inherited)",
					"@executable_path/../Frameworks",
				);
				MARKETING_VERSION = 1.0;
				PRODUCT_BUNDLE_IDENTIFIER = "de.the-skylab.DiffingTestsuite";
				PRODUCT_NAME = "$(TARGET_NAME)";
				SWIFT_EMIT_LOC_STRINGS = YES;
				SWIFT_VERSION = 5.0;
			};
			name = Debug;
		};
		6FBEF4DA27AFA2D300C85FBB /* Release */ = {
			isa = XCBuildConfiguration;
			buildSettings = {
				ASSETCATALOG_COMPILER_APPICON_NAME = AppIcon;
				ASSETCATALOG_COMPILER_GLOBAL_ACCENT_COLOR_NAME = AccentColor;
				CODE_SIGN_ENTITLEMENTS = DiffingTestsuite/DiffingTestsuite.entitlements;
				CODE_SIGN_STYLE = Automatic;
				COMBINE_HIDPI_IMAGES = YES;
				CURRENT_PROJECT_VERSION = 1;
				DEVELOPMENT_TEAM = 9BKV8D7DPL;
				ENABLE_HARDENED_RUNTIME = YES;
				GENERATE_INFOPLIST_FILE = YES;
				INFOPLIST_KEY_NSHumanReadableCopyright = "";
				INFOPLIST_KEY_NSMainStoryboardFile = Main;
				INFOPLIST_KEY_NSPrincipalClass = NSApplication;
				LD_RUNPATH_SEARCH_PATHS = (
					"$(inherited)",
					"@executable_path/../Frameworks",
				);
				MARKETING_VERSION = 1.0;
				PRODUCT_BUNDLE_IDENTIFIER = "de.the-skylab.DiffingTestsuite";
				PRODUCT_NAME = "$(TARGET_NAME)";
				SWIFT_EMIT_LOC_STRINGS = YES;
				SWIFT_VERSION = 5.0;
			};
			name = Release;
		};
		6FBEF4DC27AFA2D300C85FBB /* Debug */ = {
			isa = XCBuildConfiguration;
			buildSettings = {
				ALWAYS_EMBED_SWIFT_STANDARD_LIBRARIES = YES;
				BUNDLE_LOADER = "$(TEST_HOST)";
				CODE_SIGN_STYLE = Automatic;
				CURRENT_PROJECT_VERSION = 1;
				DEVELOPMENT_TEAM = 9BKV8D7DPL;
				GENERATE_INFOPLIST_FILE = YES;
				MACOSX_DEPLOYMENT_TARGET = 12.1;
				MARKETING_VERSION = 1.0;
				PRODUCT_BUNDLE_IDENTIFIER = "de.the-skylab.DiffingTestsuiteTests";
				PRODUCT_NAME = "$(TARGET_NAME)";
				SWIFT_EMIT_LOC_STRINGS = NO;
				SWIFT_VERSION = 5.0;
				TEST_HOST = "$(BUILT_PRODUCTS_DIR)/DiffingTestsuite.app/Contents/MacOS/DiffingTestsuite";
			};
			name = Debug;
		};
		6FBEF4DD27AFA2D300C85FBB /* Release */ = {
			isa = XCBuildConfiguration;
			buildSettings = {
				ALWAYS_EMBED_SWIFT_STANDARD_LIBRARIES = YES;
				BUNDLE_LOADER = "$(TEST_HOST)";
				CODE_SIGN_STYLE = Automatic;
				CURRENT_PROJECT_VERSION = 1;
				DEVELOPMENT_TEAM = 9BKV8D7DPL;
				GENERATE_INFOPLIST_FILE = YES;
				MACOSX_DEPLOYMENT_TARGET = 12.1;
				MARKETING_VERSION = 1.0;
				PRODUCT_BUNDLE_IDENTIFIER = "de.the-skylab.DiffingTestsuiteTests";
				PRODUCT_NAME = "$(TARGET_NAME)";
				SWIFT_EMIT_LOC_STRINGS = NO;
				SWIFT_VERSION = 5.0;
				TEST_HOST = "$(BUILT_PRODUCTS_DIR)/DiffingTestsuite.app/Contents/MacOS/DiffingTestsuite";
			};
			name = Release;
		};
		6FBEF4DF27AFA2D300C85FBB /* Debug */ = {
			isa = XCBuildConfiguration;
			buildSettings = {
				ALWAYS_EMBED_SWIFT_STANDARD_LIBRARIES = YES;
				CODE_SIGN_STYLE = Automatic;
				CURRENT_PROJECT_VERSION = 1;
				DEVELOPMENT_TEAM = 9BKV8D7DPL;
				GENERATE_INFOPLIST_FILE = YES;
				MARKETING_VERSION = 1.0;
				PRODUCT_BUNDLE_IDENTIFIER = "de.the-skylab.DiffingTestsuiteUITests";
				PRODUCT_NAME = "$(TARGET_NAME)";
				SWIFT_EMIT_LOC_STRINGS = NO;
				SWIFT_VERSION = 5.0;
				TEST_TARGET_NAME = DiffingTestsuite;
			};
			name = Debug;
		};
		6FBEF4E027AFA2D300C85FBB /* Release */ = {
			isa = XCBuildConfiguration;
			buildSettings = {
				ALWAYS_EMBED_SWIFT_STANDARD_LIBRARIES = YES;
				CODE_SIGN_STYLE = Automatic;
				CURRENT_PROJECT_VERSION = 1;
				DEVELOPMENT_TEAM = 9BKV8D7DPL;
				GENERATE_INFOPLIST_FILE = YES;
				MARKETING_VERSION = 1.0;
				PRODUCT_BUNDLE_IDENTIFIER = "de.the-skylab.DiffingTestsuiteUITests";
				PRODUCT_NAME = "$(TARGET_NAME)";
				SWIFT_EMIT_LOC_STRINGS = NO;
				SWIFT_VERSION = 5.0;
				TEST_TARGET_NAME = DiffingTestsuite;
			};
			name = Release;
		};
/* End XCBuildConfiguration section */

/* Begin XCConfigurationList section */
		6FBEF4AE27AFA2D200C85FBB /* Build configuration list for PBXProject "DiffingTestsuite" */ = {
			isa = XCConfigurationList;
			buildConfigurations = (
				6FBEF4D627AFA2D300C85FBB /* Debug */,
				6FBEF4D727AFA2D300C85FBB /* Release */,
			);
			defaultConfigurationIsVisible = 0;
			defaultConfigurationName = Release;
		};
		6FBEF4D827AFA2D300C85FBB /* Build configuration list for PBXNativeTarget "DiffingTestsuite" */ = {
			isa = XCConfigurationList;
			buildConfigurations = (
				6FBEF4D927AFA2D300C85FBB /* Debug */,
				6FBEF4DA27AFA2D300C85FBB /* Release */,
			);
			defaultConfigurationIsVisible = 0;
			defaultConfigurationName = Release;
		};
		6FBEF4DB27AFA2D300C85FBB /* Build configuration list for PBXNativeTarget "DiffingTestsuiteTests" */ = {
			isa = XCConfigurationList;
			buildConfigurations = (
				6FBEF4DC27AFA2D300C85FBB /* Debug */,
				6FBEF4DD27AFA2D300C85FBB /* Release */,
			);
			defaultConfigurationIsVisible = 0;
			defaultConfigurationName = Release;
		};
		6FBEF4DE27AFA2D300C85FBB /* Build configuration list for PBXNativeTarget "DiffingTestsuiteUITests" */ = {
			isa = XCConfigurationList;
			buildConfigurations = (
				6FBEF4DF27AFA2D300C85FBB /* Debug */,
				6FBEF4E027AFA2D300C85FBB /* Release */,
			);
			defaultConfigurationIsVisible = 0;
			defaultConfigurationName = Release;
		};
/* End XCConfigurationList section */

/* Begin XCRemoteSwiftPackageReference section */
		6F04633E27B05EEA0062425C /* XCRemoteSwiftPackageReference "DeepDiff" */ = {
			isa = XCRemoteSwiftPackageReference;
			repositoryURL = "https://github.com/onmyway133/DeepDiff.git";
			requirement = {
				branch = master;
				kind = branch;
			};
		};
		6F04634927B073180062425C /* XCRemoteSwiftPackageReference "FastDiff" */ = {
			isa = XCRemoteSwiftPackageReference;
			repositoryURL = "https://github.com/kandelvijaya/FastDiff.git";
			requirement = {
				branch = master;
				kind = branch;
			};
		};
		6F5641EC27B08FAB009F0F6F /* XCRemoteSwiftPackageReference "DifferenceKit" */ = {
			isa = XCRemoteSwiftPackageReference;
			repositoryURL = "https://github.com/ra1028/DifferenceKit.git";
			requirement = {
				branch = master;
				kind = branch;
			};
		};
		6FBEF4E227AFA5F700C85FBB /* XCRemoteSwiftPackageReference "Differ" */ = {
			isa = XCRemoteSwiftPackageReference;
			repositoryURL = "https://github.com/tonyarnold/Differ.git";
			requirement = {
				branch = main;
				kind = branch;
			};
		};
/* End XCRemoteSwiftPackageReference section */

/* Begin XCSwiftPackageProductDependency section */
		6F04633F27B05EEA0062425C /* DeepDiff */ = {
			isa = XCSwiftPackageProductDependency;
			package = 6F04633E27B05EEA0062425C /* XCRemoteSwiftPackageReference "DeepDiff" */;
			productName = DeepDiff;
		};
		6F04634A27B073180062425C /* FastDiff */ = {
			isa = XCSwiftPackageProductDependency;
			package = 6F04634927B073180062425C /* XCRemoteSwiftPackageReference "FastDiff" */;
			productName = FastDiff;
		};
		6F5641ED27B08FAB009F0F6F /* DifferenceKit */ = {
			isa = XCSwiftPackageProductDependency;
			package = 6F5641EC27B08FAB009F0F6F /* XCRemoteSwiftPackageReference "DifferenceKit" */;
			productName = DifferenceKit;
		};
		6FBEF4E327AFA5F700C85FBB /* Differ */ = {
			isa = XCSwiftPackageProductDependency;
			package = 6FBEF4E227AFA5F700C85FBB /* XCRemoteSwiftPackageReference "Differ" */;
			productName = Differ;
		};
/* End XCSwiftPackageProductDependency section */
	};
	rootObject = 6FBEF4AB27AFA2D200C85FBB /* Project object */;
}
